
Microsoft Visual Studio Solution File, Format Version 12.00
# Visual Studio Version 17
VisualStudioVersion = 17.8.34511.84
MinimumVisualStudioVersion = 10.0.40219.1
Project("{9A19103F-16F7-4668-BE54-9A1E7A4F7556}") = "Website-Tester", "Website-Tester.csproj", "{3E5F7265-D0E8-4588-B4EB-B90ED5DDD16A}"
EndProject
Project("{2150E333-8FDC-42A3-9474-1A3956D46DE8}") = "Solution Items", "Solution Items", "{302C5826-5BDE-4472-A654-ACC32AF9E2BC}"
	ProjectSection(SolutionItems) = preProject
		ReadMe.md = ReadMe.md
	EndProjectSection
EndProject
Global
	GlobalSection(SolutionConfigurationPlatforms) = preSolution
		Debug|Any CPU = Debug|Any CPU
		Release|Any CPU = Release|Any CPU
	EndGlobalSection
	GlobalSection(ProjectConfigurationPlatforms) = postSolution
		{3E5F7265-D0E8-4588-B4EB-B90ED5DDD16A}.Debug|Any CPU.ActiveCfg = Debug|Any CPU
		{3E5F7265-D0E8-4588-B4EB-B90ED5DDD16A}.Debug|Any CPU.Build.0 = Debug|Any CPU
		{3E5F7265-D0E8-4588-B4EB-B90ED5DDD16A}.Release|Any CPU.ActiveCfg = Release|Any CPU
		{3E5F7265-D0E8-4588-B4EB-B90ED5DDD16A}.Release|Any CPU.Build.0 = Release|Any CPU
	EndGlobalSection
	GlobalSection(SolutionProperties) = preSolution
		HideSolutionNode = FALSE
	EndGlobalSection
	GlobalSection(ExtensibilityGlobals) = postSolution
		SolutionGuid = {F634355C-2746-4A2E-A1FB-8CE1F6589F40}
	EndGlobalSection
EndGlobal
